// !$*UTF8*$!
{
	archiveVersion = 1;
	classes = {
	};
	objectVersion = 50;
	objects = {

/* Begin PBXBuildFile section */
		BF06A03C2501970500365BC2 /* AlertPresentable.swift in Sources */ = {isa = PBXBuildFile; fileRef = BF06A03B2501970500365BC2 /* AlertPresentable.swift */; };
		BF06A03F2501991C00365BC2 /* Navigatable.swift in Sources */ = {isa = PBXBuildFile; fileRef = BF06A03E2501991C00365BC2 /* Navigatable.swift */; };
		BF06A041250199D100365BC2 /* ViewRouter.swift in Sources */ = {isa = PBXBuildFile; fileRef = BF06A040250199D100365BC2 /* ViewRouter.swift */; };
		BF06A043250199E800365BC2 /* MenuListRouter.swift in Sources */ = {isa = PBXBuildFile; fileRef = BF06A042250199E800365BC2 /* MenuListRouter.swift */; };
		BF06A04525019DA400365BC2 /* SystemExtensions.swift in Sources */ = {isa = PBXBuildFile; fileRef = BF06A04425019DA400365BC2 /* SystemExtensions.swift */; };
		BF0D568C250155E1007CBE41 /* MenuListView.swift in Sources */ = {isa = PBXBuildFile; fileRef = BF0D568B250155E1007CBE41 /* MenuListView.swift */; };
		BF0D568F250155F8007CBE41 /* MenuListPresenter.swift in Sources */ = {isa = PBXBuildFile; fileRef = BF0D568E250155F8007CBE41 /* MenuListPresenter.swift */; };
		BF0D569125015601007CBE41 /* MenuListInteractor.swift in Sources */ = {isa = PBXBuildFile; fileRef = BF0D569025015601007CBE41 /* MenuListInteractor.swift */; };
		BF0D569325015621007CBE41 /* MenuListContract.swift in Sources */ = {isa = PBXBuildFile; fileRef = BF0D569225015621007CBE41 /* MenuListContract.swift */; };
		BF0D56C425016397007CBE41 /* PresenterRepresentable.swift in Sources */ = {isa = PBXBuildFile; fileRef = BF0D56C325016397007CBE41 /* PresenterRepresentable.swift */; };
		BF0D56C725016725007CBE41 /* MenuSectionItem.swift in Sources */ = {isa = PBXBuildFile; fileRef = BF0D56C625016725007CBE41 /* MenuSectionItem.swift */; };
		BF0D56C925016758007CBE41 /* MenuSection.swift in Sources */ = {isa = PBXBuildFile; fileRef = BF0D56C825016758007CBE41 /* MenuSection.swift */; };
		BF0D56CB250167BD007CBE41 /* MenuItemOptionSet.swift in Sources */ = {isa = PBXBuildFile; fileRef = BF0D56CA250167BD007CBE41 /* MenuItemOptionSet.swift */; };
		BF0D56CD250167CE007CBE41 /* MenuItemOptionSetItem.swift in Sources */ = {isa = PBXBuildFile; fileRef = BF0D56CC250167CE007CBE41 /* MenuItemOptionSetItem.swift */; };
		BF0D56D025017211007CBE41 /* MenuSectionAvailibility.swift in Sources */ = {isa = PBXBuildFile; fileRef = BF0D56CF25017211007CBE41 /* MenuSectionAvailibility.swift */; };
		BF0D56D2250175BC007CBE41 /* Menu.swift in Sources */ = {isa = PBXBuildFile; fileRef = BF0D56D1250175BC007CBE41 /* Menu.swift */; };
		BF0D56D425017896007CBE41 /* NetworkResult.swift in Sources */ = {isa = PBXBuildFile; fileRef = BF0D56D325017896007CBE41 /* NetworkResult.swift */; };
		BF0D56D625017907007CBE41 /* MenuFetchError.swift in Sources */ = {isa = PBXBuildFile; fileRef = BF0D56D525017907007CBE41 /* MenuFetchError.swift */; };
		BF0D56D925017993007CBE41 /* Localizable.strings in Resources */ = {isa = PBXBuildFile; fileRef = BF0D56D825017993007CBE41 /* Localizable.strings */; };
		BF0D56DE25017CD1007CBE41 /* API.swift in Sources */ = {isa = PBXBuildFile; fileRef = BF0D56DD25017CD1007CBE41 /* API.swift */; };
		BF0D56E0250182F1007CBE41 /* MenuSectionAvailibilityHours.swift in Sources */ = {isa = PBXBuildFile; fileRef = BF0D56DF250182F1007CBE41 /* MenuSectionAvailibilityHours.swift */; };
		BF2F05732501547A006B44CC /* AppDelegate.swift in Sources */ = {isa = PBXBuildFile; fileRef = BF2F05722501547A006B44CC /* AppDelegate.swift */; };
		BF2F05752501547A006B44CC /* SceneDelegate.swift in Sources */ = {isa = PBXBuildFile; fileRef = BF2F05742501547A006B44CC /* SceneDelegate.swift */; };
		BF2F057C2501547B006B44CC /* Assets.xcassets in Resources */ = {isa = PBXBuildFile; fileRef = BF2F057B2501547B006B44CC /* Assets.xcassets */; };
		BF2F057F2501547B006B44CC /* LaunchScreen.storyboard in Resources */ = {isa = PBXBuildFile; fileRef = BF2F057D2501547B006B44CC /* LaunchScreen.storyboard */; };
		BF2F058A2501547B006B44CC /* FlipperTests.swift in Sources */ = {isa = PBXBuildFile; fileRef = BF2F05892501547B006B44CC /* FlipperTests.swift */; };
/* End PBXBuildFile section */

/* Begin PBXContainerItemProxy section */
		BF2F05862501547B006B44CC /* PBXContainerItemProxy */ = {
			isa = PBXContainerItemProxy;
			containerPortal = BF2F05672501547A006B44CC /* Project object */;
			proxyType = 1;
			remoteGlobalIDString = BF2F056E2501547A006B44CC;
			remoteInfo = Flipper;
		};
/* End PBXContainerItemProxy section */

/* Begin PBXFileReference section */
		BF06A03B2501970500365BC2 /* AlertPresentable.swift */ = {isa = PBXFileReference; lastKnownFileType = sourcecode.swift; path = AlertPresentable.swift; sourceTree = "<group>"; };
		BF06A03E2501991C00365BC2 /* Navigatable.swift */ = {isa = PBXFileReference; lastKnownFileType = sourcecode.swift; path = Navigatable.swift; sourceTree = "<group>"; };
		BF06A040250199D100365BC2 /* ViewRouter.swift */ = {isa = PBXFileReference; lastKnownFileType = sourcecode.swift; path = ViewRouter.swift; sourceTree = "<group>"; };
		BF06A042250199E800365BC2 /* MenuListRouter.swift */ = {isa = PBXFileReference; lastKnownFileType = sourcecode.swift; path = MenuListRouter.swift; sourceTree = "<group>"; };
		BF06A04425019DA400365BC2 /* SystemExtensions.swift */ = {isa = PBXFileReference; lastKnownFileType = sourcecode.swift; path = SystemExtensions.swift; sourceTree = "<group>"; };
		BF0D568B250155E1007CBE41 /* MenuListView.swift */ = {isa = PBXFileReference; lastKnownFileType = sourcecode.swift; path = MenuListView.swift; sourceTree = "<group>"; };
		BF0D568E250155F8007CBE41 /* MenuListPresenter.swift */ = {isa = PBXFileReference; lastKnownFileType = sourcecode.swift; path = MenuListPresenter.swift; sourceTree = "<group>"; };
		BF0D569025015601007CBE41 /* MenuListInteractor.swift */ = {isa = PBXFileReference; lastKnownFileType = sourcecode.swift; path = MenuListInteractor.swift; sourceTree = "<group>"; };
		BF0D569225015621007CBE41 /* MenuListContract.swift */ = {isa = PBXFileReference; lastKnownFileType = sourcecode.swift; path = MenuListContract.swift; sourceTree = "<group>"; };
		BF0D56C325016397007CBE41 /* PresenterRepresentable.swift */ = {isa = PBXFileReference; lastKnownFileType = sourcecode.swift; path = PresenterRepresentable.swift; sourceTree = "<group>"; };
		BF0D56C625016725007CBE41 /* MenuSectionItem.swift */ = {isa = PBXFileReference; lastKnownFileType = sourcecode.swift; path = MenuSectionItem.swift; sourceTree = "<group>"; };
		BF0D56C825016758007CBE41 /* MenuSection.swift */ = {isa = PBXFileReference; lastKnownFileType = sourcecode.swift; path = MenuSection.swift; sourceTree = "<group>"; };
		BF0D56CA250167BD007CBE41 /* MenuItemOptionSet.swift */ = {isa = PBXFileReference; lastKnownFileType = sourcecode.swift; path = MenuItemOptionSet.swift; sourceTree = "<group>"; };
		BF0D56CC250167CE007CBE41 /* MenuItemOptionSetItem.swift */ = {isa = PBXFileReference; lastKnownFileType = sourcecode.swift; path = MenuItemOptionSetItem.swift; sourceTree = "<group>"; };
		BF0D56CF25017211007CBE41 /* MenuSectionAvailibility.swift */ = {isa = PBXFileReference; lastKnownFileType = sourcecode.swift; path = MenuSectionAvailibility.swift; sourceTree = "<group>"; };
		BF0D56D1250175BC007CBE41 /* Menu.swift */ = {isa = PBXFileReference; lastKnownFileType = sourcecode.swift; path = Menu.swift; sourceTree = "<group>"; };
		BF0D56D325017896007CBE41 /* NetworkResult.swift */ = {isa = PBXFileReference; lastKnownFileType = sourcecode.swift; path = NetworkResult.swift; sourceTree = "<group>"; };
		BF0D56D525017907007CBE41 /* MenuFetchError.swift */ = {isa = PBXFileReference; lastKnownFileType = sourcecode.swift; path = MenuFetchError.swift; sourceTree = "<group>"; };
		BF0D56D725017937007CBE41 /* es */ = {isa = PBXFileReference; lastKnownFileType = text.plist.strings; name = es; path = es.lproj/LaunchScreen.strings; sourceTree = "<group>"; };
		BF0D56D825017993007CBE41 /* Localizable.strings */ = {isa = PBXFileReference; lastKnownFileType = text.plist.strings; path = Localizable.strings; sourceTree = "<group>"; };
		BF0D56DD25017CD1007CBE41 /* API.swift */ = {isa = PBXFileReference; lastKnownFileType = sourcecode.swift; path = API.swift; sourceTree = "<group>"; };
		BF0D56DF250182F1007CBE41 /* MenuSectionAvailibilityHours.swift */ = {isa = PBXFileReference; lastKnownFileType = sourcecode.swift; path = MenuSectionAvailibilityHours.swift; sourceTree = "<group>"; };
		BF2F056F2501547A006B44CC /* Flipper.app */ = {isa = PBXFileReference; explicitFileType = wrapper.application; includeInIndex = 0; path = Flipper.app; sourceTree = BUILT_PRODUCTS_DIR; };
		BF2F05722501547A006B44CC /* AppDelegate.swift */ = {isa = PBXFileReference; lastKnownFileType = sourcecode.swift; path = AppDelegate.swift; sourceTree = "<group>"; };
		BF2F05742501547A006B44CC /* SceneDelegate.swift */ = {isa = PBXFileReference; lastKnownFileType = sourcecode.swift; path = SceneDelegate.swift; sourceTree = "<group>"; };
		BF2F057B2501547B006B44CC /* Assets.xcassets */ = {isa = PBXFileReference; lastKnownFileType = folder.assetcatalog; path = Assets.xcassets; sourceTree = "<group>"; };
		BF2F057E2501547B006B44CC /* Base */ = {isa = PBXFileReference; lastKnownFileType = file.storyboard; name = Base; path = Base.lproj/LaunchScreen.storyboard; sourceTree = "<group>"; };
		BF2F05802501547B006B44CC /* Info.plist */ = {isa = PBXFileReference; lastKnownFileType = text.plist.xml; path = Info.plist; sourceTree = "<group>"; };
		BF2F05852501547B006B44CC /* FlipperTests.xctest */ = {isa = PBXFileReference; explicitFileType = wrapper.cfbundle; includeInIndex = 0; path = FlipperTests.xctest; sourceTree = BUILT_PRODUCTS_DIR; };
		BF2F05892501547B006B44CC /* FlipperTests.swift */ = {isa = PBXFileReference; lastKnownFileType = sourcecode.swift; path = FlipperTests.swift; sourceTree = "<group>"; };
		BF2F058B2501547B006B44CC /* Info.plist */ = {isa = PBXFileReference; lastKnownFileType = text.plist.xml; path = Info.plist; sourceTree = "<group>"; };
/* End PBXFileReference section */

/* Begin PBXFrameworksBuildPhase section */
		BF2F056C2501547A006B44CC /* Frameworks */ = {
			isa = PBXFrameworksBuildPhase;
			buildActionMask = 2147483647;
			files = (
			);
			runOnlyForDeploymentPostprocessing = 0;
		};
		BF2F05822501547B006B44CC /* Frameworks */ = {
			isa = PBXFrameworksBuildPhase;
			buildActionMask = 2147483647;
			files = (
			);
			runOnlyForDeploymentPostprocessing = 0;
		};
/* End PBXFrameworksBuildPhase section */

/* Begin PBXGroup section */
		BF06A03D2501970B00365BC2 /* Protocols */ = {
			isa = PBXGroup;
			children = (
				BF06A03B2501970500365BC2 /* AlertPresentable.swift */,
				BF06A040250199D100365BC2 /* ViewRouter.swift */,
				BF0D56C325016397007CBE41 /* PresenterRepresentable.swift */,
				BF06A03E2501991C00365BC2 /* Navigatable.swift */,
			);
			path = Protocols;
			sourceTree = "<group>";
		};
		BF0D568D250155E5007CBE41 /* MenuList */ = {
			isa = PBXGroup;
			children = (
				BF0D568B250155E1007CBE41 /* MenuListView.swift */,
				BF0D568E250155F8007CBE41 /* MenuListPresenter.swift */,
				BF0D569025015601007CBE41 /* MenuListInteractor.swift */,
				BF06A042250199E800365BC2 /* MenuListRouter.swift */,
				BF0D569225015621007CBE41 /* MenuListContract.swift */,
			);
			path = MenuList;
			sourceTree = "<group>";
		};
		BF0D56C225016298007CBE41 /* Modules */ = {
			isa = PBXGroup;
			children = (
				BF0D568D250155E5007CBE41 /* MenuList */,
			);
			path = Modules;
			sourceTree = "<group>";
		};
		BF0D56CE2501685A007CBE41 /* Entities */ = {
			isa = PBXGroup;
			children = (
				BF0D56DC25017A53007CBE41 /* Menu */,
			);
			path = Entities;
			sourceTree = "<group>";
		};
		BF0D56DA25017A39007CBE41 /* Error */ = {
			isa = PBXGroup;
			children = (
				BF0D56D525017907007CBE41 /* MenuFetchError.swift */,
			);
			path = Error;
			sourceTree = "<group>";
		};
		BF0D56DB25017A42007CBE41 /* Common */ = {
			isa = PBXGroup;
			children = (
				BF06A03D2501970B00365BC2 /* Protocols */,
				BF0D56CE2501685A007CBE41 /* Entities */,
				BF0D56DD25017CD1007CBE41 /* API.swift */,
				BF0D56D325017896007CBE41 /* NetworkResult.swift */,
				BF0D56DA25017A39007CBE41 /* Error */,
				BF06A04425019DA400365BC2 /* SystemExtensions.swift */,
			);
			path = Common;
			sourceTree = "<group>";
		};
		BF0D56DC25017A53007CBE41 /* Menu */ = {
			isa = PBXGroup;
			children = (
				BF0D56D1250175BC007CBE41 /* Menu.swift */,
				BF0D56C825016758007CBE41 /* MenuSection.swift */,
				BF0D56CF25017211007CBE41 /* MenuSectionAvailibility.swift */,
				BF0D56DF250182F1007CBE41 /* MenuSectionAvailibilityHours.swift */,
				BF0D56C625016725007CBE41 /* MenuSectionItem.swift */,
				BF0D56CA250167BD007CBE41 /* MenuItemOptionSet.swift */,
				BF0D56CC250167CE007CBE41 /* MenuItemOptionSetItem.swift */,
			);
			path = Menu;
			sourceTree = "<group>";
		};
		BF2F05662501547A006B44CC = {
			isa = PBXGroup;
			children = (
				BF2F05712501547A006B44CC /* Flipper */,
				BF2F05882501547B006B44CC /* FlipperTests */,
				BF2F05702501547A006B44CC /* Products */,
			);
			sourceTree = "<group>";
		};
		BF2F05702501547A006B44CC /* Products */ = {
			isa = PBXGroup;
			children = (
				BF2F056F2501547A006B44CC /* Flipper.app */,
				BF2F05852501547B006B44CC /* FlipperTests.xctest */,
			);
			name = Products;
			sourceTree = "<group>";
		};
		BF2F05712501547A006B44CC /* Flipper */ = {
			isa = PBXGroup;
			children = (
				BF2F05722501547A006B44CC /* AppDelegate.swift */,
				BF2F05742501547A006B44CC /* SceneDelegate.swift */,
				BF0D56C225016298007CBE41 /* Modules */,
				BF0D56DB25017A42007CBE41 /* Common */,
				BF2F057B2501547B006B44CC /* Assets.xcassets */,
				BF2F057D2501547B006B44CC /* LaunchScreen.storyboard */,
				BF2F05802501547B006B44CC /* Info.plist */,
				BF0D56D825017993007CBE41 /* Localizable.strings */,
			);
			path = Flipper;
			sourceTree = "<group>";
		};
		BF2F05882501547B006B44CC /* FlipperTests */ = {
			isa = PBXGroup;
			children = (
				BF2F05892501547B006B44CC /* FlipperTests.swift */,
				BF2F058B2501547B006B44CC /* Info.plist */,
			);
			path = FlipperTests;
			sourceTree = "<group>";
		};
/* End PBXGroup section */

/* Begin PBXNativeTarget section */
		BF2F056E2501547A006B44CC /* Flipper */ = {
			isa = PBXNativeTarget;
			buildConfigurationList = BF2F058E2501547B006B44CC /* Build configuration list for PBXNativeTarget "Flipper" */;
			buildPhases = (
				BF2F056B2501547A006B44CC /* Sources */,
				BF2F056C2501547A006B44CC /* Frameworks */,
				BF2F056D2501547A006B44CC /* Resources */,
			);
			buildRules = (
			);
			dependencies = (
			);
			name = Flipper;
			productName = Flipper;
			productReference = BF2F056F2501547A006B44CC /* Flipper.app */;
			productType = "com.apple.product-type.application";
		};
		BF2F05842501547B006B44CC /* FlipperTests */ = {
			isa = PBXNativeTarget;
			buildConfigurationList = BF2F05912501547B006B44CC /* Build configuration list for PBXNativeTarget "FlipperTests" */;
			buildPhases = (
				BF2F05812501547B006B44CC /* Sources */,
				BF2F05822501547B006B44CC /* Frameworks */,
				BF2F05832501547B006B44CC /* Resources */,
			);
			buildRules = (
			);
			dependencies = (
				BF2F05872501547B006B44CC /* PBXTargetDependency */,
			);
			name = FlipperTests;
			productName = FlipperTests;
			productReference = BF2F05852501547B006B44CC /* FlipperTests.xctest */;
			productType = "com.apple.product-type.bundle.unit-test";
		};
/* End PBXNativeTarget section */

/* Begin PBXProject section */
		BF2F05672501547A006B44CC /* Project object */ = {
			isa = PBXProject;
			attributes = {
				LastSwiftUpdateCheck = 1130;
				LastUpgradeCheck = 1130;
				ORGANIZATIONNAME = "Stephen Walsh";
				TargetAttributes = {
					BF2F056E2501547A006B44CC = {
						CreatedOnToolsVersion = 11.3.1;
					};
					BF2F05842501547B006B44CC = {
						CreatedOnToolsVersion = 11.3.1;
						TestTargetID = BF2F056E2501547A006B44CC;
					};
				};
			};
			buildConfigurationList = BF2F056A2501547A006B44CC /* Build configuration list for PBXProject "Flipper" */;
			compatibilityVersion = "Xcode 9.3";
			developmentRegion = en;
			hasScannedForEncodings = 0;
			knownRegions = (
				en,
				Base,
				es,
			);
			mainGroup = BF2F05662501547A006B44CC;
			productRefGroup = BF2F05702501547A006B44CC /* Products */;
			projectDirPath = "";
			projectRoot = "";
			targets = (
				BF2F056E2501547A006B44CC /* Flipper */,
				BF2F05842501547B006B44CC /* FlipperTests */,
			);
		};
/* End PBXProject section */

/* Begin PBXResourcesBuildPhase section */
		BF2F056D2501547A006B44CC /* Resources */ = {
			isa = PBXResourcesBuildPhase;
			buildActionMask = 2147483647;
			files = (
				BF2F057F2501547B006B44CC /* LaunchScreen.storyboard in Resources */,
				BF0D56D925017993007CBE41 /* Localizable.strings in Resources */,
				BF2F057C2501547B006B44CC /* Assets.xcassets in Resources */,
			);
			runOnlyForDeploymentPostprocessing = 0;
		};
		BF2F05832501547B006B44CC /* Resources */ = {
			isa = PBXResourcesBuildPhase;
			buildActionMask = 2147483647;
			files = (
			);
			runOnlyForDeploymentPostprocessing = 0;
		};
/* End PBXResourcesBuildPhase section */

/* Begin PBXSourcesBuildPhase section */
		BF2F056B2501547A006B44CC /* Sources */ = {
			isa = PBXSourcesBuildPhase;
			buildActionMask = 2147483647;
			files = (
				BF0D56C925016758007CBE41 /* MenuSection.swift in Sources */,
				BF0D56CD250167CE007CBE41 /* MenuItemOptionSetItem.swift in Sources */,
				BF06A04525019DA400365BC2 /* SystemExtensions.swift in Sources */,
				BF0D568C250155E1007CBE41 /* MenuListView.swift in Sources */,
				BF2F05732501547A006B44CC /* AppDelegate.swift in Sources */,
				BF0D56C425016397007CBE41 /* PresenterRepresentable.swift in Sources */,
				BF0D568F250155F8007CBE41 /* MenuListPresenter.swift in Sources */,
				BF06A03F2501991C00365BC2 /* Navigatable.swift in Sources */,
				BF0D569325015621007CBE41 /* MenuListContract.swift in Sources */,
				BF2F05752501547A006B44CC /* SceneDelegate.swift in Sources */,
				BF0D56CB250167BD007CBE41 /* MenuItemOptionSet.swift in Sources */,
				BF06A043250199E800365BC2 /* MenuListRouter.swift in Sources */,
				BF0D56D2250175BC007CBE41 /* Menu.swift in Sources */,
				BF06A03C2501970500365BC2 /* AlertPresentable.swift in Sources */,
				BF0D56D025017211007CBE41 /* MenuSectionAvailibility.swift in Sources */,
				BF0D56C725016725007CBE41 /* MenuSectionItem.swift in Sources */,
				BF0D56D625017907007CBE41 /* MenuFetchError.swift in Sources */,
				BF06A041250199D100365BC2 /* ViewRouter.swift in Sources */,
				BF0D569125015601007CBE41 /* MenuListInteractor.swift in Sources */,
				BF0D56DE25017CD1007CBE41 /* API.swift in Sources */,
				BF0D56D425017896007CBE41 /* NetworkResult.swift in Sources */,
				BF0D56E0250182F1007CBE41 /* MenuSectionAvailibilityHours.swift in Sources */,
			);
			runOnlyForDeploymentPostprocessing = 0;
		};
		BF2F05812501547B006B44CC /* Sources */ = {
			isa = PBXSourcesBuildPhase;
			buildActionMask = 2147483647;
			files = (
				BF2F058A2501547B006B44CC /* FlipperTests.swift in Sources */,
			);
			runOnlyForDeploymentPostprocessing = 0;
		};
/* End PBXSourcesBuildPhase section */

/* Begin PBXTargetDependency section */
		BF2F05872501547B006B44CC /* PBXTargetDependency */ = {
			isa = PBXTargetDependency;
			target = BF2F056E2501547A006B44CC /* Flipper */;
			targetProxy = BF2F05862501547B006B44CC /* PBXContainerItemProxy */;
		};
/* End PBXTargetDependency section */

/* Begin PBXVariantGroup section */
		BF2F057D2501547B006B44CC /* LaunchScreen.storyboard */ = {
			isa = PBXVariantGroup;
			children = (
				BF2F057E2501547B006B44CC /* Base */,
				BF0D56D725017937007CBE41 /* es */,
			);
			name = LaunchScreen.storyboard;
			sourceTree = "<group>";
		};
/* End PBXVariantGroup section */

/* Begin XCBuildConfiguration section */
		BF2F058C2501547B006B44CC /* Debug */ = {
			isa = XCBuildConfiguration;
			buildSettings = {
				ALWAYS_SEARCH_USER_PATHS = NO;
				CLANG_ANALYZER_LOCALIZABILITY_NONLOCALIZED = YES;
				CLANG_ANALYZER_NONNULL = YES;
				CLANG_ANALYZER_NUMBER_OBJECT_CONVERSION = YES_AGGRESSIVE;
				CLANG_CXX_LANGUAGE_STANDARD = "gnu++14";
				CLANG_CXX_LIBRARY = "libc++";
				CLANG_ENABLE_MODULES = YES;
				CLANG_ENABLE_OBJC_ARC = YES;
				CLANG_ENABLE_OBJC_WEAK = YES;
				CLANG_WARN_BLOCK_CAPTURE_AUTORELEASING = YES;
				CLANG_WARN_BOOL_CONVERSION = YES;
				CLANG_WARN_COMMA = YES;
				CLANG_WARN_CONSTANT_CONVERSION = YES;
				CLANG_WARN_DEPRECATED_OBJC_IMPLEMENTATIONS = YES;
				CLANG_WARN_DIRECT_OBJC_ISA_USAGE = YES_ERROR;
				CLANG_WARN_DOCUMENTATION_COMMENTS = YES;
				CLANG_WARN_EMPTY_BODY = YES;
				CLANG_WARN_ENUM_CONVERSION = YES;
				CLANG_WARN_INFINITE_RECURSION = YES;
				CLANG_WARN_INT_CONVERSION = YES;
				CLANG_WARN_NON_LITERAL_NULL_CONVERSION = YES;
				CLANG_WARN_OBJC_IMPLICIT_RETAIN_SELF = YES;
				CLANG_WARN_OBJC_LITERAL_CONVERSION = YES;
				CLANG_WARN_OBJC_ROOT_CLASS = YES_ERROR;
				CLANG_WARN_RANGE_LOOP_ANALYSIS = YES;
				CLANG_WARN_STRICT_PROTOTYPES = YES;
				CLANG_WARN_SUSPICIOUS_MOVE = YES;
				CLANG_WARN_UNGUARDED_AVAILABILITY = YES_AGGRESSIVE;
				CLANG_WARN_UNREACHABLE_CODE = YES;
				CLANG_WARN__DUPLICATE_METHOD_MATCH = YES;
				COPY_PHASE_STRIP = NO;
				DEBUG_INFORMATION_FORMAT = dwarf;
				ENABLE_STRICT_OBJC_MSGSEND = YES;
				ENABLE_TESTABILITY = YES;
				GCC_C_LANGUAGE_STANDARD = gnu11;
				GCC_DYNAMIC_NO_PIC = NO;
				GCC_NO_COMMON_BLOCKS = YES;
				GCC_OPTIMIZATION_LEVEL = 0;
				GCC_PREPROCESSOR_DEFINITIONS = (
					"DEBUG=1",
					"$(inherited)",
				);
				GCC_WARN_64_TO_32_BIT_CONVERSION = YES;
				GCC_WARN_ABOUT_RETURN_TYPE = YES_ERROR;
				GCC_WARN_UNDECLARED_SELECTOR = YES;
				GCC_WARN_UNINITIALIZED_AUTOS = YES_AGGRESSIVE;
				GCC_WARN_UNUSED_FUNCTION = YES;
				GCC_WARN_UNUSED_VARIABLE = YES;
				IPHONEOS_DEPLOYMENT_TARGET = 13.2;
				MTL_ENABLE_DEBUG_INFO = INCLUDE_SOURCE;
				MTL_FAST_MATH = YES;
				ONLY_ACTIVE_ARCH = YES;
				SDKROOT = iphoneos;
				SWIFT_ACTIVE_COMPILATION_CONDITIONS = DEBUG;
				SWIFT_OPTIMIZATION_LEVEL = "-Onone";
			};
			name = Debug;
		};
		BF2F058D2501547B006B44CC /* Release */ = {
			isa = XCBuildConfiguration;
			buildSettings = {
				ALWAYS_SEARCH_USER_PATHS = NO;
				CLANG_ANALYZER_LOCALIZABILITY_NONLOCALIZED = YES;
				CLANG_ANALYZER_NONNULL = YES;
				CLANG_ANALYZER_NUMBER_OBJECT_CONVERSION = YES_AGGRESSIVE;
				CLANG_CXX_LANGUAGE_STANDARD = "gnu++14";
				CLANG_CXX_LIBRARY = "libc++";
				CLANG_ENABLE_MODULES = YES;
				CLANG_ENABLE_OBJC_ARC = YES;
				CLANG_ENABLE_OBJC_WEAK = YES;
				CLANG_WARN_BLOCK_CAPTURE_AUTORELEASING = YES;
				CLANG_WARN_BOOL_CONVERSION = YES;
				CLANG_WARN_COMMA = YES;
				CLANG_WARN_CONSTANT_CONVERSION = YES;
				CLANG_WARN_DEPRECATED_OBJC_IMPLEMENTATIONS = YES;
				CLANG_WARN_DIRECT_OBJC_ISA_USAGE = YES_ERROR;
				CLANG_WARN_DOCUMENTATION_COMMENTS = YES;
				CLANG_WARN_EMPTY_BODY = YES;
				CLANG_WARN_ENUM_CONVERSION = YES;
				CLANG_WARN_INFINITE_RECURSION = YES;
				CLANG_WARN_INT_CONVERSION = YES;
				CLANG_WARN_NON_LITERAL_NULL_CONVERSION = YES;
				CLANG_WARN_OBJC_IMPLICIT_RETAIN_SELF = YES;
				CLANG_WARN_OBJC_LITERAL_CONVERSION = YES;
				CLANG_WARN_OBJC_ROOT_CLASS = YES_ERROR;
				CLANG_WARN_RANGE_LOOP_ANALYSIS = YES;
				CLANG_WARN_STRICT_PROTOTYPES = YES;
				CLANG_WARN_SUSPICIOUS_MOVE = YES;
				CLANG_WARN_UNGUARDED_AVAILABILITY = YES_AGGRESSIVE;
				CLANG_WARN_UNREACHABLE_CODE = YES;
				CLANG_WARN__DUPLICATE_METHOD_MATCH = YES;
				COPY_PHASE_STRIP = NO;
				DEBUG_INFORMATION_FORMAT = "dwarf-with-dsym";
				ENABLE_NS_ASSERTIONS = NO;
				ENABLE_STRICT_OBJC_MSGSEND = YES;
				GCC_C_LANGUAGE_STANDARD = gnu11;
				GCC_NO_COMMON_BLOCKS = YES;
				GCC_WARN_64_TO_32_BIT_CONVERSION = YES;
				GCC_WARN_ABOUT_RETURN_TYPE = YES_ERROR;
				GCC_WARN_UNDECLARED_SELECTOR = YES;
				GCC_WARN_UNINITIALIZED_AUTOS = YES_AGGRESSIVE;
				GCC_WARN_UNUSED_FUNCTION = YES;
				GCC_WARN_UNUSED_VARIABLE = YES;
				IPHONEOS_DEPLOYMENT_TARGET = 13.2;
				MTL_ENABLE_DEBUG_INFO = NO;
				MTL_FAST_MATH = YES;
				SDKROOT = iphoneos;
				SWIFT_COMPILATION_MODE = wholemodule;
				SWIFT_OPTIMIZATION_LEVEL = "-O";
				VALIDATE_PRODUCT = YES;
			};
			name = Release;
		};
		BF2F058F2501547B006B44CC /* Debug */ = {
			isa = XCBuildConfiguration;
			buildSettings = {
				ASSETCATALOG_COMPILER_APPICON_NAME = AppIcon;
				CODE_SIGN_STYLE = Automatic;
				DEVELOPMENT_TEAM = 29XC7B4KB4;
				INFOPLIST_FILE = Flipper/Info.plist;
				LD_RUNPATH_SEARCH_PATHS = (
					"$(inherited)",
					"@executable_path/Frameworks",
				);
				PRODUCT_BUNDLE_IDENTIFIER = com.sfwalsh.Flipper;
				PRODUCT_NAME = "$(TARGET_NAME)";
				SWIFT_VERSION = 5.0;
				TARGETED_DEVICE_FAMILY = 1;
			};
			name = Debug;
		};
		BF2F05902501547B006B44CC /* Release */ = {
			isa = XCBuildConfiguration;
			buildSettings = {
				ASSETCATALOG_COMPILER_APPICON_NAME = AppIcon;
				CODE_SIGN_STYLE = Automatic;
				DEVELOPMENT_TEAM = 29XC7B4KB4;
				INFOPLIST_FILE = Flipper/Info.plist;
				LD_RUNPATH_SEARCH_PATHS = (
					"$(inherited)",
					"@executable_path/Frameworks",
				);
				PRODUCT_BUNDLE_IDENTIFIER = com.sfwalsh.Flipper;
				PRODUCT_NAME = "$(TARGET_NAME)";
				SWIFT_VERSION = 5.0;
				TARGETED_DEVICE_FAMILY = 1;
			};
			name = Release;
		};
		BF2F05922501547B006B44CC /* Debug */ = {
			isa = XCBuildConfiguration;
			buildSettings = {
				ALWAYS_EMBED_SWIFT_STANDARD_LIBRARIES = YES;
				BUNDLE_LOADER = "$(TEST_HOST)";
				CODE_SIGN_STYLE = Automatic;
				DEVELOPMENT_TEAM = 29XC7B4KB4;
				INFOPLIST_FILE = FlipperTests/Info.plist;
				IPHONEOS_DEPLOYMENT_TARGET = 13.2;
				LD_RUNPATH_SEARCH_PATHS = (
					"$(inherited)",
					"@executable_path/Frameworks",
					"@loader_path/Frameworks",
				);
				PRODUCT_BUNDLE_IDENTIFIER = com.sfwalsh.FlipperTests;
				PRODUCT_NAME = "$(TARGET_NAME)";
				SWIFT_VERSION = 5.0;
				TARGETED_DEVICE_FAMILY = "1,2";
				TEST_HOST = "$(BUILT_PRODUCTS_DIR)/Flipper.app/Flipper";
			};
			name = Debug;
		};
		BF2F05932501547B006B44CC /* Release */ = {
			isa = XCBuildConfiguration;
			buildSettings = {
				ALWAYS_EMBED_SWIFT_STANDARD_LIBRARIES = YES;
				BUNDLE_LOADER = "$(TEST_HOST)";
				CODE_SIGN_STYLE = Automatic;
				DEVELOPMENT_TEAM = 29XC7B4KB4;
				INFOPLIST_FILE = FlipperTests/Info.plist;
				IPHONEOS_DEPLOYMENT_TARGET = 13.2;
				LD_RUNPATH_SEARCH_PATHS = (
					"$(inherited)",
					"@executable_path/Frameworks",
					"@loader_path/Frameworks",
				);
				PRODUCT_BUNDLE_IDENTIFIER = com.sfwalsh.FlipperTests;
				PRODUCT_NAME = "$(TARGET_NAME)";
				SWIFT_VERSION = 5.0;
				TARGETED_DEVICE_FAMILY = "1,2";
				TEST_HOST = "$(BUILT_PRODUCTS_DIR)/Flipper.app/Flipper";
			};
			name = Release;
		};
/* End XCBuildConfiguration section */

/* Begin XCConfigurationList section */
		BF2F056A2501547A006B44CC /* Build configuration list for PBXProject "Flipper" */ = {
			isa = XCConfigurationList;
			buildConfigurations = (
				BF2F058C2501547B006B44CC /* Debug */,
				BF2F058D2501547B006B44CC /* Release */,
			);
			defaultConfigurationIsVisible = 0;
			defaultConfigurationName = Release;
		};
		BF2F058E2501547B006B44CC /* Build configuration list for PBXNativeTarget "Flipper" */ = {
			isa = XCConfigurationList;
			buildConfigurations = (
				BF2F058F2501547B006B44CC /* Debug */,
				BF2F05902501547B006B44CC /* Release */,
			);
			defaultConfigurationIsVisible = 0;
			defaultConfigurationName = Release;
		};
		BF2F05912501547B006B44CC /* Build configuration list for PBXNativeTarget "FlipperTests" */ = {
			isa = XCConfigurationList;
			buildConfigurations = (
				BF2F05922501547B006B44CC /* Debug */,
				BF2F05932501547B006B44CC /* Release */,
			);
			defaultConfigurationIsVisible = 0;
			defaultConfigurationName = Release;
		};
/* End XCConfigurationList section */
	};
	rootObject = BF2F05672501547A006B44CC /* Project object */;
}
